Microsoft Visual Studio Solution File, Format Version 12.00
# Visual Studio 15
Project("{8BC9CEB8-8B4A-11D0-8D11-00A0C91BC942}") = "ALL_BUILD", "ALL_BUILD.vcxproj", "{DC6541A9-B591-37E3-BE46-A30A82307CC2}"
	ProjectSection(ProjectDependencies) = postProject
		{37E73F2A-EA80-32FC-90D4-BDAB930A7406} = {37E73F2A-EA80-32FC-90D4-BDAB930A7406}
		{7CFC99D7-FFBA-3432-884A-29F48D393981} = {7CFC99D7-FFBA-3432-884A-29F48D393981}
		{DC9D04F0-408E-3FB6-80CC-88559CAFE3F0} = {DC9D04F0-408E-3FB6-80CC-88559CAFE3F0}
		{74822840-60F0-309E-9119-E3039B1238D9} = {74822840-60F0-309E-9119-E3039B1238D9}
	EndProjectSection
EndProject
Project("{8BC9CEB8-8B4A-11D0-8D11-00A0C91BC942}") = "INSTALL", "INSTALL.vcxproj", "{3ABB57CF-0C97-38D5-A562-40BA3FC87FB8}"
	ProjectSection(ProjectDependencies) = postProject
		{DC6541A9-B591-37E3-BE46-A30A82307CC2} = {DC6541A9-B591-37E3-BE46-A30A82307CC2}
		{37E73F2A-EA80-32FC-90D4-BDAB930A7406} = {37E73F2A-EA80-32FC-90D4-BDAB930A7406}
	EndProjectSection
EndProject
Project("{8BC9CEB8-8B4A-11D0-8D11-00A0C91BC942}") = "ZERO_CHECK", "ZERO_CHECK.vcxproj", "{37E73F2A-EA80-32FC-90D4-BDAB930A7406}"
	ProjectSection(ProjectDependencies) = postProject
	EndProjectSection
EndProject
Project("{8BC9CEB8-8B4A-11D0-8D11-00A0C91BC942}") = "xmr-stak", "xmr-stak.vcxproj", "{7CFC99D7-FFBA-3432-884A-29F48D393981}"
	ProjectSection(ProjectDependencies) = postProject
		{37E73F2A-EA80-32FC-90D4-BDAB930A7406} = {37E73F2A-EA80-32FC-90D4-BDAB930A7406}
		{DC9D04F0-408E-3FB6-80CC-88559CAFE3F0} = {DC9D04F0-408E-3FB6-80CC-88559CAFE3F0}
		{74822840-60F0-309E-9119-E3039B1238D9} = {74822840-60F0-309E-9119-E3039B1238D9}
	EndProjectSection
EndProject
Project("{8BC9CEB8-8B4A-11D0-8D11-00A0C91BC942}") = "xmr-stak-backend", "xmr-stak-backend.vcxproj", "{DC9D04F0-408E-3FB6-80CC-88559CAFE3F0}"
	ProjectSection(ProjectDependencies) = postProject
		{37E73F2A-EA80-32FC-90D4-BDAB930A7406} = {37E73F2A-EA80-32FC-90D4-BDAB930A7406}
		{74822840-60F0-309E-9119-E3039B1238D9} = {74822840-60F0-309E-9119-E3039B1238D9}
	EndProjectSection
EndProject
Project("{8BC9CEB8-8B4A-11D0-8D11-00A0C91BC942}") = "xmr-stak-c", "xmr-stak-c.vcxproj", "{74822840-60F0-309E-9119-E3039B1238D9}"
	ProjectSection(ProjectDependencies) = postProject
		{37E73F2A-EA80-32FC-90D4-BDAB930A7406} = {37E73F2A-EA80-32FC-90D4-BDAB930A7406}
	EndProjectSection
EndProject
Global
	GlobalSection(SolutionConfigurationPlatforms) = preSolution
		Debug|x64 = Debug|x64
		Release|x64 = Release|x64
		MinSizeRel|x64 = MinSizeRel|x64
		RelWithDebInfo|x64 = RelWithDebInfo|x64
	EndGlobalSection
	GlobalSection(ProjectConfigurationPlatforms) = postSolution
		{DC6541A9-B591-37E3-BE46-A30A82307CC2}.Debug|x64.ActiveCfg = Debug|x64
		{DC6541A9-B591-37E3-BE46-A30A82307CC2}.Debug|x64.Build.0 = Debug|x64
		{DC6541A9-B591-37E3-BE46-A30A82307CC2}.Release|x64.ActiveCfg = Release|x64
		{DC6541A9-B591-37E3-BE46-A30A82307CC2}.Release|x64.Build.0 = Release|x64
		{DC6541A9-B591-37E3-BE46-A30A82307CC2}.MinSizeRel|x64.ActiveCfg = MinSizeRel|x64
		{DC6541A9-B591-37E3-BE46-A30A82307CC2}.MinSizeRel|x64.Build.0 = MinSizeRel|x64
		{DC6541A9-B591-37E3-BE46-A30A82307CC2}.RelWithDebInfo|x64.ActiveCfg = RelWithDebInfo|x64
		{DC6541A9-B591-37E3-BE46-A30A82307CC2}.RelWithDebInfo|x64.Build.0 = RelWithDebInfo|x64
		{3ABB57CF-0C97-38D5-A562-40BA3FC87FB8}.Debug|x64.ActiveCfg = Debug|x64
		{3ABB57CF-0C97-38D5-A562-40BA3FC87FB8}.Release|x64.ActiveCfg = Release|x64
		{3ABB57CF-0C97-38D5-A562-40BA3FC87FB8}.MinSizeRel|x64.ActiveCfg = MinSizeRel|x64
		{3ABB57CF-0C97-38D5-A562-40BA3FC87FB8}.RelWithDebInfo|x64.ActiveCfg = RelWithDebInfo|x64
		{37E73F2A-EA80-32FC-90D4-BDAB930A7406}.Debug|x64.ActiveCfg = Debug|x64
		{37E73F2A-EA80-32FC-90D4-BDAB930A7406}.Debug|x64.Build.0 = Debug|x64
		{37E73F2A-EA80-32FC-90D4-BDAB930A7406}.Release|x64.ActiveCfg = Release|x64
		{37E73F2A-EA80-32FC-90D4-BDAB930A7406}.Release|x64.Build.0 = Release|x64
		{37E73F2A-EA80-32FC-90D4-BDAB930A7406}.MinSizeRel|x64.ActiveCfg = MinSizeRel|x64
		{37E73F2A-EA80-32FC-90D4-BDAB930A7406}.MinSizeRel|x64.Build.0 = MinSizeRel|x64
		{37E73F2A-EA80-32FC-90D4-BDAB930A7406}.RelWithDebInfo|x64.ActiveCfg = RelWithDebInfo|x64
		{37E73F2A-EA80-32FC-90D4-BDAB930A7406}.RelWithDebInfo|x64.Build.0 = RelWithDebInfo|x64
		{7CFC99D7-FFBA-3432-884A-29F48D393981}.Debug|x64.ActiveCfg = Debug|x64
		{7CFC99D7-FFBA-3432-884A-29F48D393981}.Debug|x64.Build.0 = Debug|x64
		{7CFC99D7-FFBA-3432-884A-29F48D393981}.Release|x64.ActiveCfg = Release|x64
		{7CFC99D7-FFBA-3432-884A-29F48D393981}.Release|x64.Build.0 = Release|x64
		{7CFC99D7-FFBA-3432-884A-29F48D393981}.MinSizeRel|x64.ActiveCfg = MinSizeRel|x64
		{7CFC99D7-FFBA-3432-884A-29F48D393981}.MinSizeRel|x64.Build.0 = MinSizeRel|x64
		{7CFC99D7-FFBA-3432-884A-29F48D393981}.RelWithDebInfo|x64.ActiveCfg = RelWithDebInfo|x64
		{7CFC99D7-FFBA-3432-884A-29F48D393981}.RelWithDebInfo|x64.Build.0 = RelWithDebInfo|x64
		{DC9D04F0-408E-3FB6-80CC-88559CAFE3F0}.Debug|x64.ActiveCfg = Debug|x64
		{DC9D04F0-408E-3FB6-80CC-88559CAFE3F0}.Debug|x64.Build.0 = Debug|x64
		{DC9D04F0-408E-3FB6-80CC-88559CAFE3F0}.Release|x64.ActiveCfg = Release|x64
		{DC9D04F0-408E-3FB6-80CC-88559CAFE3F0}.Release|x64.Build.0 = Release|x64
		{DC9D04F0-408E-3FB6-80CC-88559CAFE3F0}.MinSizeRel|x64.ActiveCfg = MinSizeRel|x64
		{DC9D04F0-408E-3FB6-80CC-88559CAFE3F0}.MinSizeRel|x64.Build.0 = MinSizeRel|x64
		{DC9D04F0-408E-3FB6-80CC-88559CAFE3F0}.RelWithDebInfo|x64.ActiveCfg = RelWithDebInfo|x64
		{DC9D04F0-408E-3FB6-80CC-88559CAFE3F0}.RelWithDebInfo|x64.Build.0 = RelWithDebInfo|x64
		{74822840-60F0-309E-9119-E3039B1238D9}.Debug|x64.ActiveCfg = Debug|x64
		{74822840-60F0-309E-9119-E3039B1238D9}.Debug|x64.Build.0 = Debug|x64
		{74822840-60F0-309E-9119-E3039B1238D9}.Release|x64.ActiveCfg = Release|x64
		{74822840-60F0-309E-9119-E3039B1238D9}.Release|x64.Build.0 = Release|x64
		{74822840-60F0-309E-9119-E3039B1238D9}.MinSizeRel|x64.ActiveCfg = MinSizeRel|x64
		{74822840-60F0-309E-9119-E3039B1238D9}.MinSizeRel|x64.Build.0 = MinSizeRel|x64
		{74822840-60F0-309E-9119-E3039B1238D9}.RelWithDebInfo|x64.ActiveCfg = RelWithDebInfo|x64
		{74822840-60F0-309E-9119-E3039B1238D9}.RelWithDebInfo|x64.Build.0 = RelWithDebInfo|x64
	EndGlobalSection
	GlobalSection(ExtensibilityGlobals) = postSolution
		SolutionGuid = {1619BF96-D9DC-34FE-A4AD-9212B40C5CAB}
	EndGlobalSection
	GlobalSection(ExtensibilityAddIns) = postSolution
	EndGlobalSection
EndGlobal
